// !$*UTF8*$!
{
	archiveVersion = 1;
	classes = {
	};
	objectVersion = 46;
	objects = {

/* Begin PBXBuildFile section */
		2F20C2F41CA23428008C6536 /* BRDrawer.m in Sources */ = {isa = PBXBuildFile; fileRef = 2F20C2F31CA23428008C6536 /* BRDrawer.m */; };
		2F20C2F71CA2A10A008C6536 /* BRButton.m in Sources */ = {isa = PBXBuildFile; fileRef = 2F20C2F61CA2A10A008C6536 /* BRButton.m */; };
		2F20C2FE1CA2B646008C6536 /* demo.gif in Resources */ = {isa = PBXBuildFile; fileRef = 2F20C2FD1CA2B646008C6536 /* demo.gif */; };
		2F8328BF1CA13D4F00E0CEB9 /* AppDelegate.m in Sources */ = {isa = PBXBuildFile; fileRef = 2F8328BE1CA13D4F00E0CEB9 /* AppDelegate.m */; };
		2F8328C21CA13D4F00E0CEB9 /* main.m in Sources */ = {isa = PBXBuildFile; fileRef = 2F8328C11CA13D4F00E0CEB9 /* main.m */; };
		2F8328C41CA13D4F00E0CEB9 /* Assets.xcassets in Resources */ = {isa = PBXBuildFile; fileRef = 2F8328C31CA13D4F00E0CEB9 /* Assets.xcassets */; };
		2F8328C71CA13D4F00E0CEB9 /* MainMenu.xib in Resources */ = {isa = PBXBuildFile; fileRef = 2F8328C51CA13D4F00E0CEB9 /* MainMenu.xib */; };
		2F8328D31CA141F000E0CEB9 /* ShapleColorView.m in Sources */ = {isa = PBXBuildFile; fileRef = 2F8328D21CA141F000E0CEB9 /* ShapleColorView.m */; };
/* End PBXBuildFile section */

/* Begin PBXFileReference section */
		2F20C2F21CA23428008C6536 /* BRDrawer.h */ = {isa = PBXFileReference; fileEncoding = 4; lastKnownFileType = sourcecode.c.h; path = BRDrawer.h; sourceTree = "<group>"; };
		2F20C2F31CA23428008C6536 /* BRDrawer.m */ = {isa = PBXFileReference; fileEncoding = 4; lastKnownFileType = sourcecode.c.objc; path = BRDrawer.m; sourceTree = "<group>"; };
		2F20C2F51CA2A10A008C6536 /* BRButton.h */ = {isa = PBXFileReference; fileEncoding = 4; lastKnownFileType = sourcecode.c.h; path = BRButton.h; sourceTree = "<group>"; };
		2F20C2F61CA2A10A008C6536 /* BRButton.m */ = {isa = PBXFileReference; fileEncoding = 4; lastKnownFileType = sourcecode.c.objc; path = BRButton.m; sourceTree = "<group>"; };
		2F20C2FD1CA2B646008C6536 /* demo.gif */ = {isa = PBXFileReference; lastKnownFileType = image.gif; path = demo.gif; sourceTree = "<group>"; };
		2F8328BA1CA13D4F00E0CEB9 /* TestDrawer.app */ = {isa = PBXFileReference; explicitFileType = wrapper.application; includeInIndex = 0; path = TestDrawer.app; sourceTree = BUILT_PRODUCTS_DIR; };
		2F8328BD1CA13D4F00E0CEB9 /* AppDelegate.h */ = {isa = PBXFileReference; lastKnownFileType = sourcecode.c.h; path = AppDelegate.h; sourceTree = "<group>"; };
		2F8328BE1CA13D4F00E0CEB9 /* AppDelegate.m */ = {isa = PBXFileReference; lastKnownFileType = sourcecode.c.objc; path = AppDelegate.m; sourceTree = "<group>"; };
		2F8328C11CA13D4F00E0CEB9 /* main.m */ = {isa = PBXFileReference; lastKnownFileType = sourcecode.c.objc; path = main.m; sourceTree = "<group>"; };
		2F8328C31CA13D4F00E0CEB9 /* Assets.xcassets */ = {isa = PBXFileReference; lastKnownFileType = folder.assetcatalog; path = Assets.xcassets; sourceTree = "<group>"; };
		2F8328C61CA13D4F00E0CEB9 /* Base */ = {isa = PBXFileReference; lastKnownFileType = file.xib; name = Base; path = Base.lproj/MainMenu.xib; sourceTree = "<group>"; };
		2F8328C81CA13D4F00E0CEB9 /* Info.plist */ = {isa = PBXFileReference; lastKnownFileType = text.plist.xml; path = Info.plist; sourceTree = "<group>"; };
		2F8328D11CA141F000E0CEB9 /* ShapleColorView.h */ = {isa = PBXFileReference; fileEncoding = 4; lastKnownFileType = sourcecode.c.h; path = ShapleColorView.h; sourceTree = "<group>"; };
		2F8328D21CA141F000E0CEB9 /* ShapleColorView.m */ = {isa = PBXFileReference; fileEncoding = 4; lastKnownFileType = sourcecode.c.objc; path = ShapleColorView.m; sourceTree = "<group>"; };
/* End PBXFileReference section */

/* Begin PBXFrameworksBuildPhase section */
		2F8328B71CA13D4F00E0CEB9 /* Frameworks */ = {
			isa = PBXFrameworksBuildPhase;
			buildActionMask = 2147483647;
			files = (
			);
			runOnlyForDeploymentPostprocessing = 0;
		};
/* End PBXFrameworksBuildPhase section */

/* Begin PBXGroup section */
		2F20C2FB1CA2B585008C6536 /* BRDrawer */ = {
			isa = PBXGroup;
			children = (
				2F20C2F21CA23428008C6536 /* BRDrawer.h */,
				2F20C2F31CA23428008C6536 /* BRDrawer.m */,
			);
			name = BRDrawer;
			sourceTree = "<group>";
		};
		2F20C2FC1CA2B58F008C6536 /* views */ = {
			isa = PBXGroup;
			children = (
				2F8328D11CA141F000E0CEB9 /* ShapleColorView.h */,
				2F8328D21CA141F000E0CEB9 /* ShapleColorView.m */,
				2F20C2F51CA2A10A008C6536 /* BRButton.h */,
				2F20C2F61CA2A10A008C6536 /* BRButton.m */,
			);
			name = views;
			sourceTree = "<group>";
		};
		2F8328B11CA13D4F00E0CEB9 = {
			isa = PBXGroup;
			children = (
				2F8328BC1CA13D4F00E0CEB9 /* TestDrawer */,
				2F8328BB1CA13D4F00E0CEB9 /* Products */,
			);
			sourceTree = "<group>";
		};
		2F8328BB1CA13D4F00E0CEB9 /* Products */ = {
			isa = PBXGroup;
			children = (
				2F8328BA1CA13D4F00E0CEB9 /* TestDrawer.app */,
			);
			name = Products;
			sourceTree = "<group>";
		};
		2F8328BC1CA13D4F00E0CEB9 /* TestDrawer */ = {
			isa = PBXGroup;
			children = (
				2F8328BD1CA13D4F00E0CEB9 /* AppDelegate.h */,
				2F8328BE1CA13D4F00E0CEB9 /* AppDelegate.m */,
				2F20C2FB1CA2B585008C6536 /* BRDrawer */,
				2F20C2FC1CA2B58F008C6536 /* views */,
				2F8328C31CA13D4F00E0CEB9 /* Assets.xcassets */,
				2F8328C51CA13D4F00E0CEB9 /* MainMenu.xib */,
				2F8328C81CA13D4F00E0CEB9 /* Info.plist */,
				2F8328C01CA13D4F00E0CEB9 /* Supporting Files */,
			);
			path = TestDrawer;
			sourceTree = "<group>";
		};
		2F8328C01CA13D4F00E0CEB9 /* Supporting Files */ = {
			isa = PBXGroup;
			children = (
				2F20C2FD1CA2B646008C6536 /* demo.gif */,
				2F8328C11CA13D4F00E0CEB9 /* main.m */,
			);
			name = "Supporting Files";
			sourceTree = "<group>";
		};
/* End PBXGroup section */

/* Begin PBXNativeTarget section */
		2F8328B91CA13D4F00E0CEB9 /* TestDrawer */ = {
			isa = PBXNativeTarget;
			buildConfigurationList = 2F8328CB1CA13D4F00E0CEB9 /* Build configuration list for PBXNativeTarget "TestDrawer" */;
			buildPhases = (
				2F8328B61CA13D4F00E0CEB9 /* Sources */,
				2F8328B71CA13D4F00E0CEB9 /* Frameworks */,
				2F8328B81CA13D4F00E0CEB9 /* Resources */,
			);
			buildRules = (
			);
			dependencies = (
			);
			name = TestDrawer;
			productName = TestDrawer;
			productReference = 2F8328BA1CA13D4F00E0CEB9 /* TestDrawer.app */;
			productType = "com.apple.product-type.application";
		};
/* End PBXNativeTarget section */

/* Begin PBXProject section */
		2F8328B21CA13D4F00E0CEB9 /* Project object */ = {
			isa = PBXProject;
			attributes = {
				LastUpgradeCheck = 0710;
				ORGANIZATIONNAME = sgyang;
				TargetAttributes = {
					2F8328B91CA13D4F00E0CEB9 = {
						CreatedOnToolsVersion = 7.1.1;
					};
				};
			};
			buildConfigurationList = 2F8328B51CA13D4F00E0CEB9 /* Build configuration list for PBXProject "TestDrawer" */;
			compatibilityVersion = "Xcode 3.2";
			developmentRegion = English;
			hasScannedForEncodings = 0;
			knownRegions = (
				en,
				Base,
			);
			mainGroup = 2F8328B11CA13D4F00E0CEB9;
			productRefGroup = 2F8328BB1CA13D4F00E0CEB9 /* Products */;
			projectDirPath = "";
			projectRoot = "";
			targets = (
				2F8328B91CA13D4F00E0CEB9 /* TestDrawer */,
			);
		};
/* End PBXProject section */

/* Begin PBXResourcesBuildPhase section */
		2F8328B81CA13D4F00E0CEB9 /* Resources */ = {
			isa = PBXResourcesBuildPhase;
			buildActionMask = 2147483647;
			files = (
				2F8328C41CA13D4F00E0CEB9 /* Assets.xcassets in Resources */,
				2F20C2FE1CA2B646008C6536 /* demo.gif in Resources */,
				2F8328C71CA13D4F00E0CEB9 /* MainMenu.xib in Resources */,
			);
			runOnlyForDeploymentPostprocessing = 0;
		};
/* End PBXResourcesBuildPhase section */

/* Begin PBXSourcesBuildPhase section */
		2F8328B61CA13D4F00E0CEB9 /* Sources */ = {
			isa = PBXSourcesBuildPhase;
			buildActionMask = 2147483647;
			files = (
				2F20C2F71CA2A10A008C6536 /* BRButton.m in Sources */,
				2F8328C21CA13D4F00E0CEB9 /* main.m in Sources */,
				2F8328BF1CA13D4F00E0CEB9 /* AppDelegate.m in Sources */,
				2F20C2F41CA23428008C6536 /* BRDrawer.m in Sources */,
				2F8328D31CA141F000E0CEB9 /* ShapleColorView.m in Sources */,
			);
			runOnlyForDeploymentPostprocessing = 0;
		};
/* End PBXSourcesBuildPhase section */

/* Begin PBXVariantGroup section */
		2F8328C51CA13D4F00E0CEB9 /* MainMenu.xib */ = {
			isa = PBXVariantGroup;
			children = (
				2F8328C61CA13D4F00E0CEB9 /* Base */,
			);
			name = MainMenu.xib;
			sourceTree = "<group>";
		};
/* End PBXVariantGroup section */

/* Begin XCBuildConfiguration section */
		2F8328C91CA13D4F00E0CEB9 /* Debug */ = {
			isa = XCBuildConfiguration;
			buildSettings = {
				ALWAYS_SEARCH_USER_PATHS = NO;
				CLANG_CXX_LANGUAGE_STANDARD = "gnu++0x";
				CLANG_CXX_LIBRARY = "libc++";
				CLANG_ENABLE_MODULES = YES;
				CLANG_ENABLE_OBJC_ARC = YES;
				CLANG_WARN_BOOL_CONVERSION = YES;
				CLANG_WARN_CONSTANT_CONVERSION = YES;
				CLANG_WARN_DIRECT_OBJC_ISA_USAGE = YES_ERROR;
				CLANG_WARN_EMPTY_BODY = YES;
				CLANG_WARN_ENUM_CONVERSION = YES;
				CLANG_WARN_INT_CONVERSION = YES;
				CLANG_WARN_OBJC_ROOT_CLASS = YES_ERROR;
				CLANG_WARN_UNREACHABLE_CODE = YES;
				CLANG_WARN__DUPLICATE_METHOD_MATCH = YES;
				CODE_SIGN_IDENTITY = "-";
				COPY_PHASE_STRIP = NO;
				DEBUG_INFORMATION_FORMAT = dwarf;
				ENABLE_STRICT_OBJC_MSGSEND = YES;
				ENABLE_TESTABILITY = YES;
				GCC_C_LANGUAGE_STANDARD = gnu99;
				GCC_DYNAMIC_NO_PIC = NO;
				GCC_NO_COMMON_BLOCKS = YES;
				GCC_OPTIMIZATION_LEVEL = 0;
				GCC_PREPROCESSOR_DEFINITIONS = (
					"DEBUG=1",
					"$(inherited)",
				);
				GCC_WARN_64_TO_32_BIT_CONVERSION = YES;
				GCC_WARN_ABOUT_RETURN_TYPE = YES_ERROR;
				GCC_WARN_UNDECLARED_SELECTOR = YES;
				GCC_WARN_UNINITIALIZED_AUTOS = YES_AGGRESSIVE;
				GCC_WARN_UNUSED_FUNCTION = YES;
				GCC_WARN_UNUSED_VARIABLE = YES;
				MACOSX_DEPLOYMENT_TARGET = 10.11;
				MTL_ENABLE_DEBUG_INFO = YES;
				ONLY_ACTIVE_ARCH = YES;
				SDKROOT = macosx;
			};
			name = Debug;
		};
		2F8328CA1CA13D4F00E0CEB9 /* Release */ = {
			isa = XCBuildConfiguration;
			buildSettings = {
				ALWAYS_SEARCH_USER_PATHS = NO;
				CLANG_CXX_LANGUAGE_STANDARD = "gnu++0x";
				CLANG_CXX_LIBRARY = "libc++";
				CLANG_ENABLE_MODULES = YES;
				CLANG_ENABLE_OBJC_ARC = YES;
				CLANG_WARN_BOOL_CONVERSION = YES;
				CLANG_WARN_CONSTANT_CONVERSION = YES;
				CLANG_WARN_DIRECT_OBJC_ISA_USAGE = YES_ERROR;
				CLANG_WARN_EMPTY_BODY = YES;
				CLANG_WARN_ENUM_CONVERSION = YES;
				CLANG_WARN_INT_CONVERSION = YES;
				CLANG_WARN_OBJC_ROOT_CLASS = YES_ERROR;
				CLANG_WARN_UNREACHABLE_CODE = YES;
				CLANG_WARN__DUPLICATE_METHOD_MATCH = YES;
				CODE_SIGN_IDENTITY = "-";
				COPY_PHASE_STRIP = NO;
				DEBUG_INFORMATION_FORMAT = "dwarf-with-dsym";
				ENABLE_NS_ASSERTIONS = NO;
				ENABLE_STRICT_OBJC_MSGSEND = YES;
				GCC_C_LANGUAGE_STANDARD = gnu99;
				GCC_NO_COMMON_BLOCKS = YES;
				GCC_WARN_64_TO_32_BIT_CONVERSION = YES;
				GCC_WARN_ABOUT_RETURN_TYPE = YES_ERROR;
				GCC_WARN_UNDECLARED_SELECTOR = YES;
				GCC_WARN_UNINITIALIZED_AUTOS = YES_AGGRESSIVE;
				GCC_WARN_UNUSED_FUNCTION = YES;
				GCC_WARN_UNUSED_VARIABLE = YES;
				MACOSX_DEPLOYMENT_TARGET = 10.11;
				MTL_ENABLE_DEBUG_INFO = NO;
				SDKROOT = macosx;
			};
			name = Release;
		};
		2F8328CC1CA13D4F00E0CEB9 /* Debug */ = {
			isa = XCBuildConfiguration;
			buildSettings = {
				ASSETCATALOG_COMPILER_APPICON_NAME = AppIcon;
				COMBINE_HIDPI_IMAGES = YES;
				INFOPLIST_FILE = TestDrawer/Info.plist;
				LD_RUNPATH_SEARCH_PATHS = "$(inherited) @executable_path/../Frameworks";
				PRODUCT_BUNDLE_IDENTIFIER = com.sgyang.TestDrawer;
				PRODUCT_NAME = "$(TARGET_NAME)";
			};
			name = Debug;
		};
		2F8328CD1CA13D4F00E0CEB9 /* Release */ = {
			isa = XCBuildConfiguration;
			buildSettings = {
				ASSETCATALOG_COMPILER_APPICON_NAME = AppIcon;
				COMBINE_HIDPI_IMAGES = YES;
				INFOPLIST_FILE = TestDrawer/Info.plist;
				LD_RUNPATH_SEARCH_PATHS = "$(inherited) @executable_path/../Frameworks";
				PRODUCT_BUNDLE_IDENTIFIER = com.sgyang.TestDrawer;
				PRODUCT_NAME = "$(TARGET_NAME)";
			};
			name = Release;
		};
/* End XCBuildConfiguration section */

/* Begin XCConfigurationList section */
		2F8328B51CA13D4F00E0CEB9 /* Build configuration list for PBXProject "TestDrawer" */ = {
			isa = XCConfigurationList;
			buildConfigurations = (
				2F8328C91CA13D4F00E0CEB9 /* Debug */,
				2F8328CA1CA13D4F00E0CEB9 /* Release */,
			);
			defaultConfigurationIsVisible = 0;
			defaultConfigurationName = Release;
		};
		2F8328CB1CA13D4F00E0CEB9 /* Build configuration list for PBXNativeTarget "TestDrawer" */ = {
			isa = XCConfigurationList;
			buildConfigurations = (
				2F8328CC1CA13D4F00E0CEB9 /* Debug */,
				2F8328CD1CA13D4F00E0CEB9 /* Release */,
			);
			defaultConfigurationIsVisible = 0;
			defaultConfigurationName = Release;
		};
/* End XCConfigurationList section */
	};
	rootObject = 2F8328B21CA13D4F00E0CEB9 /* Project object */;
}
